
Microsoft Visual Studio Solution File, Format Version 12.00
# Visual Studio Version 17
VisualStudioVersion = 17.14.36414.22 d17.14
MinimumVisualStudioVersion = 10.0.40219.1
Project("{FAE04EC0-301F-11D3-BF4B-00C04F79EFBC}") = "UsoCicloFOR", "UsoCicloFOR\UsoCicloFOR.csproj", "{21649F17-BDD7-4D85-9C84-44D9EC191E7C}"
EndProject
Global
	GlobalSection(SolutionConfigurationPlatforms) = preSolution
		Debug|Any CPU = Debug|Any CPU
		Release|Any CPU = Release|Any CPU
	EndGlobalSection
	GlobalSection(ProjectConfigurationPlatforms) = postSolution
		{21649F17-BDD7-4D85-9C84-44D9EC191E7C}.Debug|Any CPU.ActiveCfg = Debug|Any CPU
		{21649F17-BDD7-4D85-9C84-44D9EC191E7C}.Debug|Any CPU.Build.0 = Debug|Any CPU
		{21649F17-BDD7-4D85-9C84-44D9EC191E7C}.Release|Any CPU.ActiveCfg = Release|Any CPU
		{21649F17-BDD7-4D85-9C84-44D9EC191E7C}.Release|Any CPU.Build.0 = Release|Any CPU
	EndGlobalSection
	GlobalSection(SolutionProperties) = preSolution
		HideSolutionNode = FALSE
	EndGlobalSection
	GlobalSection(ExtensibilityGlobals) = postSolution
		SolutionGuid = {E8A8F100-9A74-426D-863D-C1923AF958F2}
	EndGlobalSection
EndGlobal
