
Microsoft Visual Studio Solution File, Format Version 12.00
# Visual Studio Version 17
VisualStudioVersion = 17.14.36414.22 d17.14
MinimumVisualStudioVersion = 10.0.40219.1
Project("{FAE04EC0-301F-11D3-BF4B-00C04F79EFBC}") = "ejemploWhile", "ejemploWhile\ejemploWhile.csproj", "{E0A22747-D50F-4DE0-95B2-9A857DF0FC17}"
EndProject
Global
	GlobalSection(SolutionConfigurationPlatforms) = preSolution
		Debug|Any CPU = Debug|Any CPU
		Release|Any CPU = Release|Any CPU
	EndGlobalSection
	GlobalSection(ProjectConfigurationPlatforms) = postSolution
		{E0A22747-D50F-4DE0-95B2-9A857DF0FC17}.Debug|Any CPU.ActiveCfg = Debug|Any CPU
		{E0A22747-D50F-4DE0-95B2-9A857DF0FC17}.Debug|Any CPU.Build.0 = Debug|Any CPU
		{E0A22747-D50F-4DE0-95B2-9A857DF0FC17}.Release|Any CPU.ActiveCfg = Release|Any CPU
		{E0A22747-D50F-4DE0-95B2-9A857DF0FC17}.Release|Any CPU.Build.0 = Release|Any CPU
	EndGlobalSection
	GlobalSection(SolutionProperties) = preSolution
		HideSolutionNode = FALSE
	EndGlobalSection
	GlobalSection(ExtensibilityGlobals) = postSolution
		SolutionGuid = {3F1B8CC1-9DB3-47A2-A27F-1D2BE535BF15}
	EndGlobalSection
EndGlobal
